
Microsoft Visual Studio Solution File, Format Version 12.00
# Visual Studio Version 16
VisualStudioVersion = 16.0.29609.76
MinimumVisualStudioVersion = 10.0.40219.1
Project("{8BC9CEB8-8B4A-11D0-8D11-00A0C91BC942}") = "Mandelbrot Experiment", "Mandelbrot Experiment.vcxproj", "{18A38B6F-B23D-4BDD-9A10-B2DCBE938CD1}"
EndProject
Global
	GlobalSection(SolutionConfigurationPlatforms) = preSolution
		Debug|x64 = Debug|x64
		Debug|x86 = Debug|x86
		Release|x64 = Release|x64
		Release|x86 = Release|x86
	EndGlobalSection
	GlobalSection(ProjectConfigurationPlatforms) = postSolution
		{18A38B6F-B23D-4BDD-9A10-B2DCBE938CD1}.Debug|x64.ActiveCfg = Debug|x64
		{18A38B6F-B23D-4BDD-9A10-B2DCBE938CD1}.Debug|x64.Build.0 = Debug|x64
		{18A38B6F-B23D-4BDD-9A10-B2DCBE938CD1}.Debug|x86.ActiveCfg = Debug|Win32
		{18A38B6F-B23D-4BDD-9A10-B2DCBE938CD1}.Debug|x86.Build.0 = Debug|Win32
		{18A38B6F-B23D-4BDD-9A10-B2DCBE938CD1}.Release|x64.ActiveCfg = Release|x64
		{18A38B6F-B23D-4BDD-9A10-B2DCBE938CD1}.Release|x64.Build.0 = Release|x64
		{18A38B6F-B23D-4BDD-9A10-B2DCBE938CD1}.Release|x86.ActiveCfg = Release|Win32
		{18A38B6F-B23D-4BDD-9A10-B2DCBE938CD1}.Release|x86.Build.0 = Release|Win32
	EndGlobalSection
	GlobalSection(SolutionProperties) = preSolution
		HideSolutionNode = FALSE
	EndGlobalSection
	GlobalSection(ExtensibilityGlobals) = postSolution
		SolutionGuid = {8F7886B1-DCDC-48BE-B79A-310F76E0E2D1}
	EndGlobalSection
EndGlobal
